{
  "version": "v1",
  "packages": {
    "@front_web_mrmilu/hooks": {
      "signature": "67e9f5cfaa530cd37e48eb9cab586b27"
    },
    "@front_web_mrmilu/services": {
      "signature": "c207abffa70bae670de5994c0157c882"
    },
    "@front_web_mrmilu/utils": {
      "signature": "d35e5d58b10c0aa81d286eba0dc94d51"
    },
    "@front_web_mrmilu/network": {
      "signature": "3007999a4b5f61d179964bd8e25d1eac"
    }
  }
}